{
  "version": 4,
  "terraform_version": "0.12.24",
  "serial": 37,
  "lineage": "eb081191-1ffd-616d-6847-c6f12ab5cfb2",
  "outputs": {},
  "resources": [
    {
      "mode": "data",
      "type": "azurerm_public_ip",
      "name": "client_public_ip",
      "provider": "provider.azurerm",
      "instances": [
        {
          "schema_version": 0,
          "attributes": {
            "allocation_method": "Dynamic",
            "domain_name_label": "",
            "fqdn": "",
            "id": "/subscriptions/03624262-fb2c-4f74-b6a9-25feda82427e/resourceGroups/connect/providers/Microsoft.Network/publicIPAddresses/client-public-ip",
            "idle_timeout_in_minutes": 4,
            "ip_address": "",
            "ip_version": "IPv4",
            "location": "westeurope",
            "name": "client-public-ip",
            "resource_group_name": "connect",
            "reverse_fqdn": "",
            "sku": "Basic",
            "tags": {},
            "timeouts": null,
            "zones": []
          }
        }
      ]
    },
    {
      "mode": "data",
      "type": "azurerm_public_ip",
      "name": "ref_public_ip",
      "provider": "provider.azurerm",
      "instances": [
        {
          "schema_version": 0,
          "attributes": {
            "allocation_method": "Dynamic",
            "domain_name_label": "",
            "fqdn": "",
            "id": "/subscriptions/03624262-fb2c-4f74-b6a9-25feda82427e/resourceGroups/connect/providers/Microsoft.Network/publicIPAddresses/ref-pub-ip",
            "idle_timeout_in_minutes": 4,
            "ip_address": "13.81.50.163",
            "ip_version": "IPv4",
            "location": "westeurope",
            "name": "ref-pub-ip",
            "resource_group_name": "connect",
            "reverse_fqdn": "",
            "sku": "Basic",
            "tags": {},
            "timeouts": null,
            "zones": []
          }
        }
      ]
    },
    {
      "module": "module.vpn",
      "mode": "data",
      "type": "oci_core_ipsec_config",
      "name": "azure_ipsec_connection_device_config",
      "provider": "provider.oci",
      "instances": [
        {
          "schema_version": 0,
          "attributes": {
            "compartment_id": "ocid1.compartment.oc1..aaaaaaaaywbfhbbnfgyf47pq4uikio5qhqqpxxw4c34l2wpjfiiligm5jrna",
            "filter": null,
            "id": "ocid1.ipsecconnection.oc1.eu-amsterdam-1.aaaaaaaatwvq3h6ld3d2guvdlfh5jbqqcllyioj4rdntf5ulc4s54i6mnosa",
            "ipsec_id": "ocid1.ipsecconnection.oc1.eu-amsterdam-1.aaaaaaaatwvq3h6ld3d2guvdlfh5jbqqcllyioj4rdntf5ulc4s54i6mnosa",
            "time_created": "2020-05-13 15:00:23.103 +0000 UTC",
            "tunnels": [
              {
                "ip_address": "140.204.38.58",
                "shared_secret": "OhAznYDP4qXEzJtX8ptX3wElnYhhV8Qk4EIVD9apAyCWD6pfCAgapjeVstnYxmni",
                "time_created": "2020-05-13 15:00:23.216 +0000 UTC"
              },
              {
                "ip_address": "140.204.38.48",
                "shared_secret": "aWPuMD7mtBNAN8zwoSUTHyc6W9OCikkAaSbqJmQuPRejX6uokegaK4T2pbO6SERc",
                "time_created": "2020-05-13 15:00:23.245 +0000 UTC"
              }
            ]
          }
        }
      ]
    },
    {
      "module": "module.vpn",
      "mode": "data",
      "type": "oci_core_ipsec_connection_tunnels",
      "name": "azure_ipsec_tunnels",
      "provider": "provider.oci",
      "instances": [
        {
          "schema_version": 0,
          "attributes": {
            "filter": null,
            "id": "2020-05-13 15:06:08.71927 +0000 UTC",
            "ip_sec_connection_tunnels": [
              {
                "bgp_session_info": [],
                "compartment_id": "ocid1.compartment.oc1..aaaaaaaaywbfhbbnfgyf47pq4uikio5qhqqpxxw4c34l2wpjfiiligm5jrna",
                "cpe_ip": "51.136.50.6",
                "display_name": "ipsectunnel20200513150023",
                "id": "ocid1.ipsectunnel.oc1.eu-amsterdam-1.aaaaaaaacbresgofegbglpmprwqlnazwv672r4mcoitjhnrea6sz5ltuskyq",
                "ike_version": "V1",
                "routing": "STATIC",
                "state": "AVAILABLE",
                "status": "DOWN",
                "time_created": "2020-05-13 15:00:23.216 +0000 UTC",
                "time_status_updated": "2020-05-13 15:06:08.608 +0000 UTC",
                "vpn_ip": "140.204.38.58"
              },
              {
                "bgp_session_info": [
                  {
                    "bgp_state": "",
                    "customer_bgp_asn": "",
                    "customer_interface_ip": "",
                    "oracle_bgp_asn": "",
                    "oracle_interface_ip": ""
                  }
                ],
                "compartment_id": "ocid1.compartment.oc1..aaaaaaaaywbfhbbnfgyf47pq4uikio5qhqqpxxw4c34l2wpjfiiligm5jrna",
                "cpe_ip": "51.136.50.6",
                "display_name": "ipsectunnel20200513150023",
                "id": "ocid1.ipsectunnel.oc1.eu-amsterdam-1.aaaaaaaaohrprkjpjspcl4dl3uriaufukka64n2fmtgeanr2p3gbxrygnepa",
                "ike_version": "V2",
                "routing": "STATIC",
                "state": "AVAILABLE",
                "status": "DOWN",
                "time_created": "2020-05-13 15:00:23.245 +0000 UTC",
                "time_status_updated": "2020-05-13 15:06:08.633 +0000 UTC",
                "vpn_ip": "140.204.38.48"
              }
            ],
            "ipsec_id": "ocid1.ipsecconnection.oc1.eu-amsterdam-1.aaaaaaaatwvq3h6ld3d2guvdlfh5jbqqcllyioj4rdntf5ulc4s54i6mnosa"
          }
        }
      ]
    },
    {
      "mode": "data",
      "type": "oci_identity_availability_domains",
      "name": "connect_ads",
      "provider": "provider.oci",
      "instances": [
        {
          "schema_version": 0,
          "attributes": {
            "availability_domains": [
              {
                "compartment_id": "ocid1.compartment.oc1..aaaaaaaaywbfhbbnfgyf47pq4uikio5qhqqpxxw4c34l2wpjfiiligm5jrna",
                "id": "ocid1.availabilitydomain.oc1..aaaaaaaaluor6lyhbyxbd5dbpmcsytcidprtrzmzmuf5hydnprk5aze7ik3a",
                "name": "TTAN:eu-amsterdam-1-AD-1"
              }
            ],
            "compartment_id": "ocid1.compartment.oc1..aaaaaaaaywbfhbbnfgyf47pq4uikio5qhqqpxxw4c34l2wpjfiiligm5jrna",
            "filter": null,
            "id": "2020-05-13 15:06:05.313651 +0000 UTC"
          }
        }
      ]
    },
    {
      "mode": "data",
      "type": "template_file",
      "name": "client",
      "provider": "provider.template",
      "instances": [
        {
          "schema_version": 0,
          "attributes": {
            "filename": null,
            "id": "b2d433be75c0727d67e6c612afa2413fca8e8ccaf8bbda5d0d908d29a5c4c428",
            "rendered": "#cloud-config\npackages:\n  - jre\nruncmd:\n  - mkdir /tmp/oci\n  - wget -q -P /tmp/oci http://www.dominicgiles.com/swingbench/swingbenchlatest.zip\n  - wget -q -P /tmp/oci http://yum.oracle.com/repo/OracleLinux/OL7/oracle/instantclient/x86_64/getPackage/oracle-instantclient19.5-basic-19.5.0.0.0-1.x86_64.rpm\n  - wget -q -P /tmp/oci http://yum.oracle.com/repo/OracleLinux/OL7/oracle/instantclient/x86_64/getPackage/oracle-instantclient19.5-tools-19.5.0.0.0-1.x86_64.rpm\n  - wget -q -P /tmp/oci http://yum.oracle.com/repo/OracleLinux/OL7/oracle/instantclient/x86_64/getPackage/oracle-instantclient19.5-sqlplus-19.5.0.0.0-1.x86_64.rpm \n  - wget -q -P /tmp/oci http://yum.oracle.com/repo/OracleLinux/OL7/oracle/instantclient/x86_64/getPackage/oracle-instantclient19.5-jdbc-19.5.0.0.0-1.x86_64.rpm\n  - sudo yum install -y /tmp/oci/*.rpm\n",
            "template": "#cloud-config\npackages:\n  - jre\nruncmd:\n  - mkdir /tmp/oci\n  - wget -q -P /tmp/oci http://www.dominicgiles.com/swingbench/swingbenchlatest.zip\n  - wget -q -P /tmp/oci http://yum.oracle.com/repo/OracleLinux/OL7/oracle/instantclient/x86_64/getPackage/oracle-instantclient19.5-basic-19.5.0.0.0-1.x86_64.rpm\n  - wget -q -P /tmp/oci http://yum.oracle.com/repo/OracleLinux/OL7/oracle/instantclient/x86_64/getPackage/oracle-instantclient19.5-tools-19.5.0.0.0-1.x86_64.rpm\n  - wget -q -P /tmp/oci http://yum.oracle.com/repo/OracleLinux/OL7/oracle/instantclient/x86_64/getPackage/oracle-instantclient19.5-sqlplus-19.5.0.0.0-1.x86_64.rpm \n  - wget -q -P /tmp/oci http://yum.oracle.com/repo/OracleLinux/OL7/oracle/instantclient/x86_64/getPackage/oracle-instantclient19.5-jdbc-19.5.0.0.0-1.x86_64.rpm\n  - sudo yum install -y /tmp/oci/*.rpm\n",
            "vars": null
          }
        }
      ]
    },
    {
      "module": "module.vpn",
      "mode": "managed",
      "type": "azurerm_local_network_gateway",
      "name": "oci_vpn_lng",
      "provider": "provider.azurerm",
      "instances": [
        {
          "schema_version": 0,
          "attributes": {
            "address_space": [
              "10.3.1.0/24"
            ],
            "bgp_settings": [],
            "gateway_address": "140.204.38.58",
            "id": "/subscriptions/03624262-fb2c-4f74-b6a9-25feda82427e/resourceGroups/connect/providers/Microsoft.Network/localNetworkGateways/oci-vpn-local-network-gateway",
            "location": "westeurope",
            "name": "oci-vpn-local-network-gateway",
            "resource_group_name": "connect",
            "tags": {},
            "timeouts": null
          },
          "private": "eyJlMmJmYjczMC1lY2FhLTExZTYtOGY4OC0zNDM2M2JjN2M0YzAiOnsiY3JlYXRlIjoxODAwMDAwMDAwMDAwLCJkZWxldGUiOjE4MDAwMDAwMDAwMDAsInJlYWQiOjMwMDAwMDAwMDAwMCwidXBkYXRlIjoxODAwMDAwMDAwMDAwfX0=",
          "dependencies": [
            "azurerm_resource_group.connect",
            "module.vpn.azurerm_public_ip.vpn_vng_ip",
            "module.vpn.azurerm_virtual_network_gateway.vpn_vng",
            "module.vpn.oci_core_cpe.azure_cpe",
            "module.vpn.oci_core_drg.vpn_drg",
            "module.vpn.oci_core_ipsec.vpn_ipsec_connection"
          ]
        }
      ]
    },
    {
      "module": "module.vpn",
      "mode": "managed",
      "type": "azurerm_local_network_gateway",
      "name": "oci_vpn_lng2",
      "provider": "provider.azurerm",
      "instances": [
        {
          "schema_version": 0,
          "attributes": {
            "address_space": [
              "10.3.2.0/24"
            ],
            "bgp_settings": [],
            "gateway_address": "140.204.38.48",
            "id": "/subscriptions/03624262-fb2c-4f74-b6a9-25feda82427e/resourceGroups/connect/providers/Microsoft.Network/localNetworkGateways/oci-vpn-local-network-gateway2",
            "location": "westeurope",
            "name": "oci-vpn-local-network-gateway2",
            "resource_group_name": "connect",
            "tags": {},
            "timeouts": null
          },
          "private": "eyJlMmJmYjczMC1lY2FhLTExZTYtOGY4OC0zNDM2M2JjN2M0YzAiOnsiY3JlYXRlIjoxODAwMDAwMDAwMDAwLCJkZWxldGUiOjE4MDAwMDAwMDAwMDAsInJlYWQiOjMwMDAwMDAwMDAwMCwidXBkYXRlIjoxODAwMDAwMDAwMDAwfX0=",
          "dependencies": [
            "azurerm_resource_group.connect",
            "module.vpn.azurerm_public_ip.vpn_vng_ip",
            "module.vpn.azurerm_virtual_network_gateway.vpn_vng",
            "module.vpn.oci_core_cpe.azure_cpe",
            "module.vpn.oci_core_drg.vpn_drg",
            "module.vpn.oci_core_ipsec.vpn_ipsec_connection"
          ]
        }
      ]
    },
    {
      "mode": "managed",
      "type": "azurerm_network_interface",
      "name": "ref_nic",
      "provider": "provider.azurerm",
      "instances": [
        {
          "schema_version": 0,
          "attributes": {
            "applied_dns_servers": [],
            "dns_servers": [],
            "enable_accelerated_networking": false,
            "enable_ip_forwarding": false,
            "id": "/subscriptions/03624262-fb2c-4f74-b6a9-25feda82427e/resourceGroups/connect/providers/Microsoft.Network/networkInterfaces/ref-nic",
            "internal_dns_name_label": "",
            "ip_configuration": [
              {
                "name": "ref-nic-config",
                "primary": true,
                "private_ip_address": "10.2.1.4",
                "private_ip_address_allocation": "Dynamic",
                "private_ip_address_version": "IPv4",
                "public_ip_address_id": "/subscriptions/03624262-fb2c-4f74-b6a9-25feda82427e/resourceGroups/connect/providers/Microsoft.Network/publicIPAddresses/ref-pub-ip",
                "subnet_id": "/subscriptions/03624262-fb2c-4f74-b6a9-25feda82427e/resourceGroups/connect/providers/Microsoft.Network/virtualNetworks/vpn-network/subnets/vpn-subnet"
              }
            ],
            "location": "westeurope",
            "mac_address": "00-0D-3A-A8-DC-88",
            "name": "ref-nic",
            "private_ip_address": "10.2.1.4",
            "private_ip_addresses": [
              "10.2.1.4"
            ],
            "resource_group_name": "connect",
            "tags": {},
            "timeouts": null,
            "virtual_machine_id": "/subscriptions/03624262-fb2c-4f74-b6a9-25feda82427e/resourceGroups/connect/providers/Microsoft.Compute/virtualMachines/ref-instance"
          },
          "private": "eyJlMmJmYjczMC1lY2FhLTExZTYtOGY4OC0zNDM2M2JjN2M0YzAiOnsiY3JlYXRlIjoxODAwMDAwMDAwMDAwLCJkZWxldGUiOjE4MDAwMDAwMDAwMDAsInJlYWQiOjMwMDAwMDAwMDAwMCwidXBkYXRlIjoxODAwMDAwMDAwMDAwfX0=",
          "dependencies": [
            "azurerm_public_ip.ref_public_ip",
            "azurerm_resource_group.connect",
            "azurerm_subnet.vpn_subnet",
            "azurerm_virtual_network.vpn_vnet"
          ]
        }
      ]
    },
    {
      "mode": "managed",
      "type": "azurerm_public_ip",
      "name": "client_public_ip",
      "provider": "provider.azurerm",
      "instances": [
        {
          "schema_version": 0,
          "attributes": {
            "allocation_method": "Dynamic",
            "domain_name_label": null,
            "fqdn": null,
            "id": "/subscriptions/03624262-fb2c-4f74-b6a9-25feda82427e/resourceGroups/connect/providers/Microsoft.Network/publicIPAddresses/client-public-ip",
            "idle_timeout_in_minutes": 4,
            "ip_address": "",
            "ip_version": "IPv4",
            "location": "westeurope",
            "name": "client-public-ip",
            "public_ip_prefix_id": null,
            "resource_group_name": "connect",
            "reverse_fqdn": null,
            "sku": "Basic",
            "tags": {},
            "timeouts": null,
            "zones": []
          },
          "private": "eyJlMmJmYjczMC1lY2FhLTExZTYtOGY4OC0zNDM2M2JjN2M0YzAiOnsiY3JlYXRlIjoxODAwMDAwMDAwMDAwLCJkZWxldGUiOjE4MDAwMDAwMDAwMDAsInJlYWQiOjMwMDAwMDAwMDAwMCwidXBkYXRlIjoxODAwMDAwMDAwMDAwfX0=",
          "dependencies": [
            "azurerm_resource_group.connect"
          ]
        }
      ]
    },
    {
      "mode": "managed",
      "type": "azurerm_public_ip",
      "name": "ref_public_ip",
      "provider": "provider.azurerm",
      "instances": [
        {
          "schema_version": 0,
          "attributes": {
            "allocation_method": "Dynamic",
            "domain_name_label": null,
            "fqdn": null,
            "id": "/subscriptions/03624262-fb2c-4f74-b6a9-25feda82427e/resourceGroups/connect/providers/Microsoft.Network/publicIPAddresses/ref-pub-ip",
            "idle_timeout_in_minutes": 4,
            "ip_address": "13.81.50.163",
            "ip_version": "IPv4",
            "location": "westeurope",
            "name": "ref-pub-ip",
            "public_ip_prefix_id": null,
            "resource_group_name": "connect",
            "reverse_fqdn": null,
            "sku": "Basic",
            "tags": {},
            "timeouts": null,
            "zones": []
          },
          "private": "eyJlMmJmYjczMC1lY2FhLTExZTYtOGY4OC0zNDM2M2JjN2M0YzAiOnsiY3JlYXRlIjoxODAwMDAwMDAwMDAwLCJkZWxldGUiOjE4MDAwMDAwMDAwMDAsInJlYWQiOjMwMDAwMDAwMDAwMCwidXBkYXRlIjoxODAwMDAwMDAwMDAwfX0=",
          "dependencies": [
            "azurerm_resource_group.connect"
          ]
        }
      ]
    },
    {
      "module": "module.vpn",
      "mode": "managed",
      "type": "azurerm_public_ip",
      "name": "vpn_vng_ip",
      "provider": "provider.azurerm",
      "instances": [
        {
          "schema_version": 0,
          "attributes": {
            "allocation_method": "Dynamic",
            "domain_name_label": null,
            "fqdn": null,
            "id": "/subscriptions/03624262-fb2c-4f74-b6a9-25feda82427e/resourceGroups/connect/providers/Microsoft.Network/publicIPAddresses/vpn-vng-ip",
            "idle_timeout_in_minutes": 4,
            "ip_address": "51.136.50.6",
            "ip_version": "IPv4",
            "location": "westeurope",
            "name": "vpn-vng-ip",
            "public_ip_prefix_id": null,
            "resource_group_name": "connect",
            "reverse_fqdn": null,
            "sku": "Basic",
            "tags": {},
            "timeouts": null,
            "zones": []
          },
          "private": "eyJlMmJmYjczMC1lY2FhLTExZTYtOGY4OC0zNDM2M2JjN2M0YzAiOnsiY3JlYXRlIjoxODAwMDAwMDAwMDAwLCJkZWxldGUiOjE4MDAwMDAwMDAwMDAsInJlYWQiOjMwMDAwMDAwMDAwMCwidXBkYXRlIjoxODAwMDAwMDAwMDAwfX0=",
          "dependencies": [
            "azurerm_resource_group.connect"
          ]
        }
      ]
    },
    {
      "mode": "managed",
      "type": "azurerm_resource_group",
      "name": "connect",
      "provider": "provider.azurerm",
      "instances": [
        {
          "schema_version": 0,
          "attributes": {
            "id": "/subscriptions/03624262-fb2c-4f74-b6a9-25feda82427e/resourceGroups/connect",
            "location": "westeurope",
            "name": "connect",
            "tags": {},
            "timeouts": null
          },
          "private": "eyJlMmJmYjczMC1lY2FhLTExZTYtOGY4OC0zNDM2M2JjN2M0YzAiOnsiY3JlYXRlIjo1NDAwMDAwMDAwMDAwLCJkZWxldGUiOjU0MDAwMDAwMDAwMDAsInJlYWQiOjMwMDAwMDAwMDAwMCwidXBkYXRlIjo1NDAwMDAwMDAwMDAwfX0="
        }
      ]
    },
    {
      "mode": "managed",
      "type": "azurerm_subnet",
      "name": "vpn_gateway_subnet",
      "provider": "provider.azurerm",
      "instances": [
        {
          "schema_version": 0,
          "attributes": {
            "address_prefix": "10.2.99.0/24",
            "delegation": [],
            "enforce_private_link_endpoint_network_policies": false,
            "enforce_private_link_service_network_policies": false,
            "id": "/subscriptions/03624262-fb2c-4f74-b6a9-25feda82427e/resourceGroups/connect/providers/Microsoft.Network/virtualNetworks/vpn-network/subnets/GatewaySubnet",
            "name": "GatewaySubnet",
            "resource_group_name": "connect",
            "service_endpoints": [],
            "timeouts": null,
            "virtual_network_name": "vpn-network"
          },
          "private": "eyJlMmJmYjczMC1lY2FhLTExZTYtOGY4OC0zNDM2M2JjN2M0YzAiOnsiY3JlYXRlIjoxODAwMDAwMDAwMDAwLCJkZWxldGUiOjE4MDAwMDAwMDAwMDAsInJlYWQiOjMwMDAwMDAwMDAwMCwidXBkYXRlIjoxODAwMDAwMDAwMDAwfX0=",
          "dependencies": [
            "azurerm_resource_group.connect",
            "azurerm_virtual_network.vpn_vnet"
          ]
        }
      ]
    },
    {
      "mode": "managed",
      "type": "azurerm_subnet",
      "name": "vpn_subnet",
      "provider": "provider.azurerm",
      "instances": [
        {
          "schema_version": 0,
          "attributes": {
            "address_prefix": "10.2.1.0/24",
            "delegation": [],
            "enforce_private_link_endpoint_network_policies": false,
            "enforce_private_link_service_network_policies": false,
            "id": "/subscriptions/03624262-fb2c-4f74-b6a9-25feda82427e/resourceGroups/connect/providers/Microsoft.Network/virtualNetworks/vpn-network/subnets/vpn-subnet",
            "name": "vpn-subnet",
            "resource_group_name": "connect",
            "service_endpoints": [],
            "timeouts": null,
            "virtual_network_name": "vpn-network"
          },
          "private": "eyJlMmJmYjczMC1lY2FhLTExZTYtOGY4OC0zNDM2M2JjN2M0YzAiOnsiY3JlYXRlIjoxODAwMDAwMDAwMDAwLCJkZWxldGUiOjE4MDAwMDAwMDAwMDAsInJlYWQiOjMwMDAwMDAwMDAwMCwidXBkYXRlIjoxODAwMDAwMDAwMDAwfX0=",
          "dependencies": [
            "azurerm_resource_group.connect",
            "azurerm_virtual_network.vpn_vnet"
          ]
        }
      ]
    },
    {
      "mode": "managed",
      "type": "azurerm_virtual_machine",
      "name": "ref_instance",
      "provider": "provider.azurerm",
      "instances": [
        {
          "schema_version": 0,
          "attributes": {
            "additional_capabilities": [],
            "availability_set_id": null,
            "boot_diagnostics": [],
            "delete_data_disks_on_termination": true,
            "delete_os_disk_on_termination": true,
            "id": "/subscriptions/03624262-fb2c-4f74-b6a9-25feda82427e/resourceGroups/connect/providers/Microsoft.Compute/virtualMachines/ref-instance",
            "identity": [],
            "license_type": null,
            "location": "westeurope",
            "name": "ref-instance",
            "network_interface_ids": [
              "/subscriptions/03624262-fb2c-4f74-b6a9-25feda82427e/resourceGroups/connect/providers/Microsoft.Network/networkInterfaces/ref-nic"
            ],
            "os_profile": [
              {
                "admin_password": "",
                "admin_username": "azure",
                "computer_name": "ref-client",
                "custom_data": ""
              }
            ],
            "os_profile_linux_config": [
              {
                "disable_password_authentication": true,
                "ssh_keys": [
                  {
                    "key_data": "ssh-rsa AAAAB3NzaC1yc2EAAAADAQABAAABAQDKWzgEY4WpJTiwNrhN9WOw7tXGnZcm2pnv1FDZaAGwjuLhnUn4YGMJMMzvrc5YhBORKmUAP1BMCcdJmWTuGr5YOx+rfQQwicIT0UScqPGXQF22d02H8XIVUXZ4F5dTVHIiTb8bR/KKnLI55WckWCrs0zqy4mxvETlyaN5B4tbIrGlu7iKwVGnBkfGu8Dk+l3Y8FAp6k9E+HHlF/giETW1GTvz77840kcPAZbl4H5KDf/uk2zws7I9RVbsnvxfzZ/jSNmJhVVPuUBN2GZr/vroS3nM2t4xNPTyEXh0/mtplxmeAADlnOqCy7UNexaB7lKl0UYhFG9I2SfJOhvZmZchv paulopierrondi@paulopierrondi-mac",
                    "path": "/home/azure/.ssh/authorized_keys"
                  }
                ]
              }
            ],
            "os_profile_secrets": [],
            "os_profile_windows_config": [],
            "plan": [],
            "primary_network_interface_id": null,
            "proximity_placement_group_id": null,
            "resource_group_name": "connect",
            "storage_data_disk": [],
            "storage_image_reference": [
              {
                "id": "",
                "offer": "Oracle-Linux",
                "publisher": "Oracle",
                "sku": "8-ci",
                "version": "8.0.11"
              }
            ],
            "storage_os_disk": [
              {
                "caching": "ReadWrite",
                "create_option": "FromImage",
                "disk_size_gb": 30,
                "image_uri": "",
                "managed_disk_id": "/subscriptions/03624262-fb2c-4f74-b6a9-25feda82427e/resourceGroups/CONNECT/providers/Microsoft.Compute/disks/ref_osdisk",
                "managed_disk_type": "Standard_LRS",
                "name": "ref_osdisk",
                "os_type": "Linux",
                "vhd_uri": "",
                "write_accelerator_enabled": false
              }
            ],
            "tags": {},
            "timeouts": null,
            "vm_size": "Standard_F2s_v2",
            "zones": []
          },
          "private": "eyJlMmJmYjczMC1lY2FhLTExZTYtOGY4OC0zNDM2M2JjN2M0YzAiOnsiY3JlYXRlIjozNjAwMDAwMDAwMDAwLCJkZWxldGUiOjM2MDAwMDAwMDAwMDAsInJlYWQiOjMwMDAwMDAwMDAwMCwidXBkYXRlIjozNjAwMDAwMDAwMDAwfX0=",
          "dependencies": [
            "azurerm_network_interface.ref_nic",
            "azurerm_public_ip.ref_public_ip",
            "azurerm_resource_group.connect",
            "azurerm_subnet.vpn_subnet",
            "azurerm_virtual_network.vpn_vnet"
          ]
        }
      ]
    },
    {
      "mode": "managed",
      "type": "azurerm_virtual_network",
      "name": "vpn_vnet",
      "provider": "provider.azurerm",
      "instances": [
        {
          "schema_version": 0,
          "attributes": {
            "address_space": [
              "10.2.0.0/16"
            ],
            "ddos_protection_plan": [],
            "dns_servers": [],
            "id": "/subscriptions/03624262-fb2c-4f74-b6a9-25feda82427e/resourceGroups/connect/providers/Microsoft.Network/virtualNetworks/vpn-network",
            "location": "westeurope",
            "name": "vpn-network",
            "resource_group_name": "connect",
            "subnet": [
              {
                "address_prefix": "10.2.1.0/24",
                "id": "/subscriptions/03624262-fb2c-4f74-b6a9-25feda82427e/resourceGroups/connect/providers/Microsoft.Network/virtualNetworks/vpn-network/subnets/vpn-subnet",
                "name": "vpn-subnet",
                "security_group": ""
              },
              {
                "address_prefix": "10.2.99.0/24",
                "id": "/subscriptions/03624262-fb2c-4f74-b6a9-25feda82427e/resourceGroups/connect/providers/Microsoft.Network/virtualNetworks/vpn-network/subnets/GatewaySubnet",
                "name": "GatewaySubnet",
                "security_group": ""
              }
            ],
            "tags": {},
            "timeouts": null
          },
          "private": "eyJlMmJmYjczMC1lY2FhLTExZTYtOGY4OC0zNDM2M2JjN2M0YzAiOnsiY3JlYXRlIjoxODAwMDAwMDAwMDAwLCJkZWxldGUiOjE4MDAwMDAwMDAwMDAsInJlYWQiOjMwMDAwMDAwMDAwMCwidXBkYXRlIjoxODAwMDAwMDAwMDAwfX0=",
          "dependencies": [
            "azurerm_resource_group.connect"
          ]
        }
      ]
    },
    {
      "module": "module.vpn",
      "mode": "managed",
      "type": "azurerm_virtual_network_gateway",
      "name": "vpn_vng",
      "provider": "provider.azurerm",
      "instances": [
        {
          "schema_version": 0,
          "attributes": {
            "active_active": false,
            "bgp_settings": [
              {
                "asn": 65515,
                "peer_weight": 0,
                "peering_address": "10.2.99.254"
              }
            ],
            "default_local_network_gateway_id": null,
            "enable_bgp": true,
            "generation": "Generation1",
            "id": "/subscriptions/03624262-fb2c-4f74-b6a9-25feda82427e/resourceGroups/connect/providers/Microsoft.Network/virtualNetworkGateways/vpn-vng",
            "ip_configuration": [
              {
                "name": "vnetGatewayConfig",
                "private_ip_address_allocation": "Dynamic",
                "public_ip_address_id": "/subscriptions/03624262-fb2c-4f74-b6a9-25feda82427e/resourceGroups/connect/providers/Microsoft.Network/publicIPAddresses/vpn-vng-ip",
                "subnet_id": "/subscriptions/03624262-fb2c-4f74-b6a9-25feda82427e/resourceGroups/connect/providers/Microsoft.Network/virtualNetworks/vpn-network/subnets/GatewaySubnet"
              }
            ],
            "location": "westeurope",
            "name": "vpn-vng",
            "resource_group_name": "connect",
            "sku": "Standard",
            "tags": {},
            "timeouts": null,
            "type": "Vpn",
            "vpn_client_configuration": [],
            "vpn_type": "RouteBased"
          },
          "private": "eyJlMmJmYjczMC1lY2FhLTExZTYtOGY4OC0zNDM2M2JjN2M0YzAiOnsiY3JlYXRlIjozNjAwMDAwMDAwMDAwLCJkZWxldGUiOjM2MDAwMDAwMDAwMDAsInJlYWQiOjMwMDAwMDAwMDAwMCwidXBkYXRlIjozNjAwMDAwMDAwMDAwfX0=",
          "dependencies": [
            "azurerm_resource_group.connect",
            "azurerm_subnet.vpn_gateway_subnet",
            "module.vpn.azurerm_public_ip.vpn_vng_ip"
          ]
        }
      ]
    },
    {
      "module": "module.vpn",
      "mode": "managed",
      "type": "azurerm_virtual_network_gateway_connection",
      "name": "oci_vpn_vng_conn",
      "provider": "provider.azurerm",
      "instances": [
        {
          "schema_version": 0,
          "attributes": {
            "authorization_key": null,
            "connection_protocol": "IKEv2",
            "enable_bgp": false,
            "express_route_circuit_id": null,
            "express_route_gateway_bypass": false,
            "id": "/subscriptions/03624262-fb2c-4f74-b6a9-25feda82427e/resourceGroups/connect/providers/Microsoft.Network/connections/oci-vpn-local-network-gateway",
            "ipsec_policy": [],
            "local_network_gateway_id": "/subscriptions/03624262-fb2c-4f74-b6a9-25feda82427e/resourceGroups/connect/providers/Microsoft.Network/localNetworkGateways/oci-vpn-local-network-gateway",
            "location": "westeurope",
            "name": "oci-vpn-local-network-gateway",
            "peer_virtual_network_gateway_id": null,
            "resource_group_name": "connect",
            "routing_weight": 0,
            "shared_key": "OhAznYDP4qXEzJtX8ptX3wElnYhhV8Qk4EIVD9apAyCWD6pfCAgapjeVstnYxmni",
            "tags": {},
            "timeouts": null,
            "type": "IPsec",
            "use_policy_based_traffic_selectors": false,
            "virtual_network_gateway_id": "/subscriptions/03624262-fb2c-4f74-b6a9-25feda82427e/resourceGroups/connect/providers/Microsoft.Network/virtualNetworkGateways/vpn-vng"
          },
          "private": "eyJlMmJmYjczMC1lY2FhLTExZTYtOGY4OC0zNDM2M2JjN2M0YzAiOnsiY3JlYXRlIjoxODAwMDAwMDAwMDAwLCJkZWxldGUiOjE4MDAwMDAwMDAwMDAsInJlYWQiOjMwMDAwMDAwMDAwMCwidXBkYXRlIjoxODAwMDAwMDAwMDAwfX0=",
          "dependencies": [
            "azurerm_resource_group.connect",
            "module.vpn.azurerm_local_network_gateway.oci_vpn_lng",
            "module.vpn.azurerm_public_ip.vpn_vng_ip",
            "module.vpn.azurerm_virtual_network_gateway.vpn_vng",
            "module.vpn.oci_core_cpe.azure_cpe",
            "module.vpn.oci_core_drg.vpn_drg",
            "module.vpn.oci_core_ipsec.vpn_ipsec_connection"
          ]
        }
      ]
    },
    {
      "module": "module.vpn",
      "mode": "managed",
      "type": "azurerm_virtual_network_gateway_connection",
      "name": "oci_vpn_vng_conn2",
      "provider": "provider.azurerm",
      "instances": [
        {
          "schema_version": 0,
          "attributes": {
            "authorization_key": null,
            "connection_protocol": "IKEv2",
            "enable_bgp": false,
            "express_route_circuit_id": null,
            "express_route_gateway_bypass": false,
            "id": "/subscriptions/03624262-fb2c-4f74-b6a9-25feda82427e/resourceGroups/connect/providers/Microsoft.Network/connections/oci-vpn-local-network-gateway2",
            "ipsec_policy": [],
            "local_network_gateway_id": "/subscriptions/03624262-fb2c-4f74-b6a9-25feda82427e/resourceGroups/connect/providers/Microsoft.Network/localNetworkGateways/oci-vpn-local-network-gateway2",
            "location": "westeurope",
            "name": "oci-vpn-local-network-gateway2",
            "peer_virtual_network_gateway_id": null,
            "resource_group_name": "connect",
            "routing_weight": 0,
            "shared_key": "aWPuMD7mtBNAN8zwoSUTHyc6W9OCikkAaSbqJmQuPRejX6uokegaK4T2pbO6SERc",
            "tags": {},
            "timeouts": null,
            "type": "IPsec",
            "use_policy_based_traffic_selectors": false,
            "virtual_network_gateway_id": "/subscriptions/03624262-fb2c-4f74-b6a9-25feda82427e/resourceGroups/connect/providers/Microsoft.Network/virtualNetworkGateways/vpn-vng"
          },
          "private": "eyJlMmJmYjczMC1lY2FhLTExZTYtOGY4OC0zNDM2M2JjN2M0YzAiOnsiY3JlYXRlIjoxODAwMDAwMDAwMDAwLCJkZWxldGUiOjE4MDAwMDAwMDAwMDAsInJlYWQiOjMwMDAwMDAwMDAwMCwidXBkYXRlIjoxODAwMDAwMDAwMDAwfX0=",
          "dependencies": [
            "azurerm_resource_group.connect",
            "module.vpn.azurerm_local_network_gateway.oci_vpn_lng2",
            "module.vpn.azurerm_public_ip.vpn_vng_ip",
            "module.vpn.azurerm_virtual_network_gateway.vpn_vng",
            "module.vpn.oci_core_cpe.azure_cpe",
            "module.vpn.oci_core_drg.vpn_drg",
            "module.vpn.oci_core_ipsec.vpn_ipsec_connection"
          ]
        }
      ]
    },
    {
      "module": "module.vpn",
      "mode": "managed",
      "type": "oci_core_cpe",
      "name": "azure_cpe",
      "provider": "provider.oci",
      "instances": [
        {
          "schema_version": 0,
          "attributes": {
            "compartment_id": "ocid1.compartment.oc1..aaaaaaaaywbfhbbnfgyf47pq4uikio5qhqqpxxw4c34l2wpjfiiligm5jrna",
            "cpe_device_shape_id": "440ea2e0-72f2-40d4-b0fc-457d863fc279",
            "defined_tags": {
              "team_default_tags.DateTime": "2020-05-13T15:00:22.830Z",
              "team_default_tags.PrincipalName": "oracleidentitycloudservice/paulo.pierrondi@oracle.com",
              "team_default_tags.PrincipalType": "user"
            },
            "display_name": "azure-cpe",
            "freeform_tags": {},
            "id": "ocid1.cpe.oc1.eu-amsterdam-1.aaaaaaaagj5ishwhlvqbp2y72r3t63punzurit6pfosyd2otusynql3i5t3q",
            "ip_address": "51.136.50.6",
            "time_created": "2020-05-13 15:00:22.842 +0000 UTC",
            "timeouts": null
          },
          "private": "eyJlMmJmYjczMC1lY2FhLTExZTYtOGY4OC0zNDM2M2JjN2M0YzAiOnsiY3JlYXRlIjo5MDAwMDAwMDAwMDAsImRlbGV0ZSI6OTAwMDAwMDAwMDAwLCJ1cGRhdGUiOjkwMDAwMDAwMDAwMH19",
          "dependencies": [
            "module.vpn.azurerm_public_ip.vpn_vng_ip",
            "module.vpn.azurerm_virtual_network_gateway.vpn_vng"
          ]
        }
      ]
    },
    {
      "mode": "managed",
      "type": "oci_core_default_route_table",
      "name": "vpn_default_route_table",
      "provider": "provider.oci",
      "instances": [
        {
          "schema_version": 0,
          "attributes": {
            "defined_tags": {
              "team_default_tags.DateTime": "2020-05-13T12:44:55.972Z",
              "team_default_tags.PrincipalName": "oracleidentitycloudservice/paulo.pierrondi@oracle.com",
              "team_default_tags.PrincipalType": "user"
            },
            "display_name": "Default Route Table for vpn-vcn",
            "freeform_tags": {},
            "id": "ocid1.routetable.oc1.eu-amsterdam-1.aaaaaaaacxarczs4n42omziebel7oi6fw4pwpcc5kicfbbbbylf4a4lowxya",
            "manage_default_resource_id": "ocid1.routetable.oc1.eu-amsterdam-1.aaaaaaaacxarczs4n42omziebel7oi6fw4pwpcc5kicfbbbbylf4a4lowxya",
            "route_rules": [
              {
                "cidr_block": "",
                "description": "",
                "destination": "0.0.0.0/0",
                "destination_type": "CIDR_BLOCK",
                "network_entity_id": "ocid1.internetgateway.oc1.eu-amsterdam-1.aaaaaaaatl3lpg4cizr6vmgzkdygaur2remngh6w6sysig2grbqhuk2zvsva"
              },
              {
                "cidr_block": "",
                "description": "",
                "destination": "10.2.0.0/16",
                "destination_type": "CIDR_BLOCK",
                "network_entity_id": "ocid1.drg.oc1.eu-amsterdam-1.aaaaaaaakezdpj3fsui6hgzpjfu7fode2c4ce5mhlkabpypbumogtnnu7ojq"
              }
            ],
            "state": "AVAILABLE",
            "time_created": "2020-05-13 12:44:55.976 +0000 UTC",
            "timeouts": null
          },
          "private": "eyJlMmJmYjczMC1lY2FhLTExZTYtOGY4OC0zNDM2M2JjN2M0YzAiOnsiY3JlYXRlIjo5MDAwMDAwMDAwMDAsImRlbGV0ZSI6OTAwMDAwMDAwMDAwLCJ1cGRhdGUiOjkwMDAwMDAwMDAwMH19",
          "dependencies": [
            "module.vpn.oci_core_drg.vpn_drg",
            "oci_core_internet_gateway.vpn_igw",
            "oci_core_virtual_network.vpn_vcn"
          ]
        }
      ]
    },
    {
      "module": "module.vpn",
      "mode": "managed",
      "type": "oci_core_drg",
      "name": "vpn_drg",
      "provider": "provider.oci",
      "instances": [
        {
          "schema_version": 0,
          "attributes": {
            "compartment_id": "ocid1.compartment.oc1..aaaaaaaaywbfhbbnfgyf47pq4uikio5qhqqpxxw4c34l2wpjfiiligm5jrna",
            "defined_tags": {
              "team_default_tags.DateTime": "2020-05-13T12:44:55.913Z",
              "team_default_tags.PrincipalName": "oracleidentitycloudservice/paulo.pierrondi@oracle.com",
              "team_default_tags.PrincipalType": "user"
            },
            "display_name": "vpn-drg",
            "freeform_tags": {},
            "id": "ocid1.drg.oc1.eu-amsterdam-1.aaaaaaaakezdpj3fsui6hgzpjfu7fode2c4ce5mhlkabpypbumogtnnu7ojq",
            "redundancy_status": "NOT_REDUNDANT_NO_CONNECTION",
            "state": "AVAILABLE",
            "time_created": "2020-05-13 12:44:55.94 +0000 UTC",
            "timeouts": null
          },
          "private": "eyJlMmJmYjczMC1lY2FhLTExZTYtOGY4OC0zNDM2M2JjN2M0YzAiOnsiY3JlYXRlIjo5MDAwMDAwMDAwMDAsImRlbGV0ZSI6OTAwMDAwMDAwMDAwLCJ1cGRhdGUiOjkwMDAwMDAwMDAwMH19"
        }
      ]
    },
    {
      "module": "module.vpn",
      "mode": "managed",
      "type": "oci_core_drg_attachment",
      "name": "vpn_drg_attachment",
      "provider": "provider.oci",
      "instances": [
        {
          "schema_version": 0,
          "attributes": {
            "compartment_id": "ocid1.compartment.oc1..aaaaaaaaywbfhbbnfgyf47pq4uikio5qhqqpxxw4c34l2wpjfiiligm5jrna",
            "display_name": "vpn-drg-attachment",
            "drg_id": "ocid1.drg.oc1.eu-amsterdam-1.aaaaaaaakezdpj3fsui6hgzpjfu7fode2c4ce5mhlkabpypbumogtnnu7ojq",
            "id": "ocid1.drgattachment.oc1.eu-amsterdam-1.aaaaaaaafbrljiw2dxb3vonamy2p4yp4ddheija624azmbz4gyobzlyqte7q",
            "route_table_id": null,
            "state": "ATTACHED",
            "time_created": "2020-05-13 12:45:10.882 +0000 UTC",
            "timeouts": null,
            "vcn_id": "ocid1.vcn.oc1.eu-amsterdam-1.amaaaaaarhx5zmaavv44h7u5n2krusjwhqhmujfelsqf7tlgfxbhjyqd4pbq"
          },
          "private": "eyJlMmJmYjczMC1lY2FhLTExZTYtOGY4OC0zNDM2M2JjN2M0YzAiOnsiY3JlYXRlIjo5MDAwMDAwMDAwMDAsImRlbGV0ZSI6OTAwMDAwMDAwMDAwLCJ1cGRhdGUiOjkwMDAwMDAwMDAwMH19",
          "dependencies": [
            "module.vpn.oci_core_drg.vpn_drg",
            "oci_core_virtual_network.vpn_vcn"
          ]
        }
      ]
    },
    {
      "mode": "managed",
      "type": "oci_core_instance",
      "name": "client-instance",
      "provider": "provider.oci",
      "instances": [
        {
          "schema_version": 0,
          "attributes": {
            "agent_config": [
              {
                "is_management_disabled": false,
                "is_monitoring_disabled": false
              }
            ],
            "availability_domain": "TTAN:eu-amsterdam-1-AD-1",
            "boot_volume_id": "ocid1.bootvolume.oc1.eu-amsterdam-1.abqw2ljrj3gnzzmfa52ofoibvd4tdiocizmdmg3meytcj4authqsjjtx3kvq",
            "compartment_id": "ocid1.compartment.oc1..aaaaaaaaywbfhbbnfgyf47pq4uikio5qhqqpxxw4c34l2wpjfiiligm5jrna",
            "create_vnic_details": [
              {
                "assign_public_ip": "true",
                "defined_tags": {
                  "team_default_tags.DateTime": "2020-05-13T12:44:57.333Z",
                  "team_default_tags.PrincipalName": "oracleidentitycloudservice/paulo.pierrondi@oracle.com",
                  "team_default_tags.PrincipalType": "user"
                },
                "display_name": "oci-client",
                "freeform_tags": {},
                "hostname_label": "oci-client",
                "nsg_ids": [],
                "private_ip": "10.3.1.2",
                "skip_source_dest_check": true,
                "subnet_id": "ocid1.subnet.oc1.eu-amsterdam-1.aaaaaaaafg4l5ge6fgtqvsdzyn5mmq4duftufjxvm2dcnibssbrfmpg72dcq"
              }
            ],
            "dedicated_vm_host_id": null,
            "defined_tags": {
              "team_default_tags.DateTime": "2020-05-13T12:44:57.055Z",
              "team_default_tags.PrincipalName": "oracleidentitycloudservice/paulo.pierrondi@oracle.com",
              "team_default_tags.PrincipalType": "user"
            },
            "display_name": "oci-client",
            "extended_metadata": {},
            "fault_domain": "FAULT-DOMAIN-1",
            "freeform_tags": {},
            "hostname_label": "oci-client",
            "id": "ocid1.instance.oc1.eu-amsterdam-1.anqw2ljrrhx5zmacawcgwjbhtr4vstntpyzsb63mspb4om7jpk7islvxanrq",
            "image": "ocid1.image.oc1.eu-amsterdam-1.aaaaaaaat32fvq5hsmbljrvy77gr2xel7i3l3oc6g3bcnnd6mimzz5jqa7ka",
            "ipxe_script": null,
            "is_pv_encryption_in_transit_enabled": null,
            "launch_mode": "NATIVE",
            "launch_options": [
              {
                "boot_volume_type": "PARAVIRTUALIZED",
                "firmware": "UEFI_64",
                "is_consistent_volume_naming_enabled": true,
                "is_pv_encryption_in_transit_enabled": false,
                "network_type": "PARAVIRTUALIZED",
                "remote_data_volume_type": "PARAVIRTUALIZED"
              }
            ],
            "metadata": {
              "ssh_authorized_keys": "ssh-rsa AAAAB3NzaC1yc2EAAAADAQABAAABAQDKWzgEY4WpJTiwNrhN9WOw7tXGnZcm2pnv1FDZaAGwjuLhnUn4YGMJMMzvrc5YhBORKmUAP1BMCcdJmWTuGr5YOx+rfQQwicIT0UScqPGXQF22d02H8XIVUXZ4F5dTVHIiTb8bR/KKnLI55WckWCrs0zqy4mxvETlyaN5B4tbIrGlu7iKwVGnBkfGu8Dk+l3Y8FAp6k9E+HHlF/giETW1GTvz77840kcPAZbl4H5KDf/uk2zws7I9RVbsnvxfzZ/jSNmJhVVPuUBN2GZr/vroS3nM2t4xNPTyEXh0/mtplxmeAADlnOqCy7UNexaB7lKl0UYhFG9I2SfJOhvZmZchv paulopierrondi@paulopierrondi-mac"
            },
            "preserve_boot_volume": false,
            "private_ip": "10.3.1.2",
            "public_ip": "193.123.36.252",
            "region": "eu-amsterdam-1",
            "shape": "VM.Standard2.4",
            "source_details": [
              {
                "boot_volume_size_in_gbs": "47",
                "kms_key_id": "",
                "source_id": "ocid1.image.oc1.eu-amsterdam-1.aaaaaaaat32fvq5hsmbljrvy77gr2xel7i3l3oc6g3bcnnd6mimzz5jqa7ka",
                "source_type": "image"
              }
            ],
            "state": "RUNNING",
            "subnet_id": "ocid1.subnet.oc1.eu-amsterdam-1.aaaaaaaafg4l5ge6fgtqvsdzyn5mmq4duftufjxvm2dcnibssbrfmpg72dcq",
            "system_tags": {},
            "time_created": "2020-05-13 12:44:58.015 +0000 UTC",
            "time_maintenance_reboot_due": "",
            "timeouts": null
          },
          "private": "eyJlMmJmYjczMC1lY2FhLTExZTYtOGY4OC0zNDM2M2JjN2M0YzAiOnsiY3JlYXRlIjo3MjAwMDAwMDAwMDAwLCJkZWxldGUiOjcyMDAwMDAwMDAwMDAsInVwZGF0ZSI6NzIwMDAwMDAwMDAwMH19",
          "dependencies": [
            "oci_core_security_list.vpn_sl",
            "oci_core_subnet.vpn_subnet",
            "oci_core_virtual_network.vpn_vcn"
          ]
        }
      ]
    },
    {
      "mode": "managed",
      "type": "oci_core_internet_gateway",
      "name": "vpn_igw",
      "provider": "provider.oci",
      "instances": [
        {
          "schema_version": 0,
          "attributes": {
            "compartment_id": "ocid1.compartment.oc1..aaaaaaaaywbfhbbnfgyf47pq4uikio5qhqqpxxw4c34l2wpjfiiligm5jrna",
            "defined_tags": {
              "team_default_tags.DateTime": "2020-05-13T12:44:56.305Z",
              "team_default_tags.PrincipalName": "oracleidentitycloudservice/paulo.pierrondi@oracle.com",
              "team_default_tags.PrincipalType": "user"
            },
            "display_name": "vpn-internet-gateway",
            "enabled": true,
            "freeform_tags": {},
            "id": "ocid1.internetgateway.oc1.eu-amsterdam-1.aaaaaaaatl3lpg4cizr6vmgzkdygaur2remngh6w6sysig2grbqhuk2zvsva",
            "state": "AVAILABLE",
            "time_created": "2020-05-13 12:44:56.345 +0000 UTC",
            "timeouts": null,
            "vcn_id": "ocid1.vcn.oc1.eu-amsterdam-1.amaaaaaarhx5zmaavv44h7u5n2krusjwhqhmujfelsqf7tlgfxbhjyqd4pbq"
          },
          "private": "eyJlMmJmYjczMC1lY2FhLTExZTYtOGY4OC0zNDM2M2JjN2M0YzAiOnsiY3JlYXRlIjo5MDAwMDAwMDAwMDAsImRlbGV0ZSI6OTAwMDAwMDAwMDAwLCJ1cGRhdGUiOjkwMDAwMDAwMDAwMH19",
          "dependencies": [
            "oci_core_virtual_network.vpn_vcn"
          ]
        }
      ]
    },
    {
      "module": "module.vpn",
      "mode": "managed",
      "type": "oci_core_ipsec",
      "name": "vpn_ipsec_connection",
      "provider": "provider.oci",
      "instances": [
        {
          "schema_version": 0,
          "attributes": {
            "compartment_id": "ocid1.compartment.oc1..aaaaaaaaywbfhbbnfgyf47pq4uikio5qhqqpxxw4c34l2wpjfiiligm5jrna",
            "cpe_id": "ocid1.cpe.oc1.eu-amsterdam-1.aaaaaaaagj5ishwhlvqbp2y72r3t63punzurit6pfosyd2otusynql3i5t3q",
            "cpe_local_identifier": "51.136.50.6",
            "cpe_local_identifier_type": "IP_ADDRESS",
            "defined_tags": {
              "team_default_tags.DateTime": "2020-05-13T15:00:22.986Z",
              "team_default_tags.PrincipalName": "oracleidentitycloudservice/paulo.pierrondi@oracle.com",
              "team_default_tags.PrincipalType": "user"
            },
            "display_name": "azure-ipsec-connection",
            "drg_id": "ocid1.drg.oc1.eu-amsterdam-1.aaaaaaaakezdpj3fsui6hgzpjfu7fode2c4ce5mhlkabpypbumogtnnu7ojq",
            "freeform_tags": {},
            "id": "ocid1.ipsecconnection.oc1.eu-amsterdam-1.aaaaaaaatwvq3h6ld3d2guvdlfh5jbqqcllyioj4rdntf5ulc4s54i6mnosa",
            "state": "AVAILABLE",
            "static_routes": [
              "10.2.1.0/24"
            ],
            "time_created": "2020-05-13 15:00:23.103 +0000 UTC",
            "timeouts": null
          },
          "private": "eyJlMmJmYjczMC1lY2FhLTExZTYtOGY4OC0zNDM2M2JjN2M0YzAiOnsiY3JlYXRlIjo5MDAwMDAwMDAwMDAsImRlbGV0ZSI6OTAwMDAwMDAwMDAwLCJ1cGRhdGUiOjkwMDAwMDAwMDAwMH19",
          "dependencies": [
            "module.vpn.azurerm_public_ip.vpn_vng_ip",
            "module.vpn.azurerm_virtual_network_gateway.vpn_vng",
            "module.vpn.oci_core_cpe.azure_cpe",
            "module.vpn.oci_core_drg.vpn_drg"
          ]
        }
      ]
    },
    {
      "module": "module.vpn",
      "mode": "managed",
      "type": "oci_core_ipsec_connection_tunnel_management",
      "name": "vpn_ipsec_connection_tunnel",
      "provider": "provider.oci",
      "instances": [
        {
          "schema_version": 0,
          "attributes": {
            "bgp_session_info": [
              {
                "bgp_state": "",
                "customer_bgp_asn": "",
                "customer_interface_ip": "",
                "oracle_bgp_asn": "",
                "oracle_interface_ip": ""
              }
            ],
            "compartment_id": "ocid1.compartment.oc1..aaaaaaaaywbfhbbnfgyf47pq4uikio5qhqqpxxw4c34l2wpjfiiligm5jrna",
            "cpe_ip": "51.136.50.6",
            "display_name": "ipsectunnel20200513150023",
            "id": "ocid1.ipsectunnel.oc1.eu-amsterdam-1.aaaaaaaacbresgofegbglpmprwqlnazwv672r4mcoitjhnrea6sz5ltuskyq",
            "ike_version": "V2",
            "ipsec_id": "ocid1.ipsecconnection.oc1.eu-amsterdam-1.aaaaaaaatwvq3h6ld3d2guvdlfh5jbqqcllyioj4rdntf5ulc4s54i6mnosa",
            "routing": "STATIC",
            "shared_secret": "OhAznYDP4qXEzJtX8ptX3wElnYhhV8Qk4EIVD9apAyCWD6pfCAgapjeVstnYxmni",
            "state": "AVAILABLE",
            "status": "DOWN",
            "time_created": "2020-05-13 15:00:23.216 +0000 UTC",
            "time_status_updated": "2020-05-13 15:10:15.46 +0000 UTC",
            "timeouts": null,
            "tunnel_id": "ocid1.ipsectunnel.oc1.eu-amsterdam-1.aaaaaaaacbresgofegbglpmprwqlnazwv672r4mcoitjhnrea6sz5ltuskyq",
            "vpn_ip": "140.204.38.58"
          },
          "private": "eyJlMmJmYjczMC1lY2FhLTExZTYtOGY4OC0zNDM2M2JjN2M0YzAiOnsiY3JlYXRlIjo5MDAwMDAwMDAwMDAsImRlbGV0ZSI6OTAwMDAwMDAwMDAwLCJ1cGRhdGUiOjkwMDAwMDAwMDAwMH19",
          "dependencies": [
            "module.vpn.oci_core_ipsec.vpn_ipsec_connection"
          ]
        }
      ]
    },
    {
      "module": "module.vpn",
      "mode": "managed",
      "type": "oci_core_ipsec_connection_tunnel_management",
      "name": "vpn_ipsec_connection_tunnel2",
      "provider": "provider.oci",
      "instances": [
        {
          "schema_version": 0,
          "attributes": {
            "bgp_session_info": [
              {
                "bgp_state": "",
                "customer_bgp_asn": "",
                "customer_interface_ip": "",
                "oracle_bgp_asn": "",
                "oracle_interface_ip": ""
              }
            ],
            "compartment_id": "ocid1.compartment.oc1..aaaaaaaaywbfhbbnfgyf47pq4uikio5qhqqpxxw4c34l2wpjfiiligm5jrna",
            "cpe_ip": "51.136.50.6",
            "display_name": "ipsectunnel20200513150023",
            "id": "ocid1.ipsectunnel.oc1.eu-amsterdam-1.aaaaaaaaohrprkjpjspcl4dl3uriaufukka64n2fmtgeanr2p3gbxrygnepa",
            "ike_version": "V2",
            "ipsec_id": "ocid1.ipsecconnection.oc1.eu-amsterdam-1.aaaaaaaatwvq3h6ld3d2guvdlfh5jbqqcllyioj4rdntf5ulc4s54i6mnosa",
            "routing": "STATIC",
            "shared_secret": "aWPuMD7mtBNAN8zwoSUTHyc6W9OCikkAaSbqJmQuPRejX6uokegaK4T2pbO6SERc",
            "state": "AVAILABLE",
            "status": "DOWN",
            "time_created": "2020-05-13 15:00:23.245 +0000 UTC",
            "time_status_updated": "2020-05-13 15:06:08.795 +0000 UTC",
            "timeouts": null,
            "tunnel_id": "ocid1.ipsectunnel.oc1.eu-amsterdam-1.aaaaaaaaohrprkjpjspcl4dl3uriaufukka64n2fmtgeanr2p3gbxrygnepa",
            "vpn_ip": "140.204.38.48"
          },
          "private": "eyJlMmJmYjczMC1lY2FhLTExZTYtOGY4OC0zNDM2M2JjN2M0YzAiOnsiY3JlYXRlIjo5MDAwMDAwMDAwMDAsImRlbGV0ZSI6OTAwMDAwMDAwMDAwLCJ1cGRhdGUiOjkwMDAwMDAwMDAwMH19",
          "dependencies": [
            "module.vpn.azurerm_public_ip.vpn_vng_ip",
            "module.vpn.azurerm_virtual_network_gateway.vpn_vng",
            "module.vpn.oci_core_cpe.azure_cpe",
            "module.vpn.oci_core_drg.vpn_drg",
            "module.vpn.oci_core_ipsec.vpn_ipsec_connection"
          ]
        }
      ]
    },
    {
      "mode": "managed",
      "type": "oci_core_security_list",
      "name": "vpn_sl",
      "provider": "provider.oci",
      "instances": [
        {
          "schema_version": 0,
          "attributes": {
            "compartment_id": "ocid1.compartment.oc1..aaaaaaaaywbfhbbnfgyf47pq4uikio5qhqqpxxw4c34l2wpjfiiligm5jrna",
            "defined_tags": {
              "team_default_tags.DateTime": "2020-05-13T12:44:56.312Z",
              "team_default_tags.PrincipalName": "oracleidentitycloudservice/paulo.pierrondi@oracle.com",
              "team_default_tags.PrincipalType": "user"
            },
            "display_name": "connect-security-list",
            "egress_security_rules": [
              {
                "description": "",
                "destination": "0.0.0.0/0",
                "destination_type": "CIDR_BLOCK",
                "icmp_options": [],
                "protocol": "all",
                "stateless": false,
                "tcp_options": [],
                "udp_options": []
              }
            ],
            "freeform_tags": {},
            "id": "ocid1.securitylist.oc1.eu-amsterdam-1.aaaaaaaa4encgffdjfk4afnfm4v5kancqbtmr5pw6qfkwrcxi6irowxvs5oq",
            "ingress_security_rules": [
              {
                "description": "",
                "icmp_options": [],
                "protocol": "1",
                "source": "0.0.0.0/0",
                "source_type": "CIDR_BLOCK",
                "stateless": false,
                "tcp_options": [],
                "udp_options": []
              },
              {
                "description": "",
                "icmp_options": [],
                "protocol": "6",
                "source": "0.0.0.0/0",
                "source_type": "CIDR_BLOCK",
                "stateless": false,
                "tcp_options": [
                  {
                    "max": 22,
                    "min": 22,
                    "source_port_range": []
                  }
                ],
                "udp_options": []
              },
              {
                "description": "Azure VPN test VNet",
                "icmp_options": [],
                "protocol": "17",
                "source": "10.2.0.0/16",
                "source_type": "CIDR_BLOCK",
                "stateless": false,
                "tcp_options": [],
                "udp_options": [
                  {
                    "max": 19800,
                    "min": 5000,
                    "source_port_range": []
                  }
                ]
              },
              {
                "description": "Azure VPN test VNet",
                "icmp_options": [],
                "protocol": "6",
                "source": "10.2.0.0/16",
                "source_type": "CIDR_BLOCK",
                "stateless": false,
                "tcp_options": [
                  {
                    "max": 19800,
                    "min": 5000,
                    "source_port_range": []
                  }
                ],
                "udp_options": []
              }
            ],
            "state": "AVAILABLE",
            "time_created": "2020-05-13 12:44:56.327 +0000 UTC",
            "timeouts": null,
            "vcn_id": "ocid1.vcn.oc1.eu-amsterdam-1.amaaaaaarhx5zmaavv44h7u5n2krusjwhqhmujfelsqf7tlgfxbhjyqd4pbq"
          },
          "private": "eyJlMmJmYjczMC1lY2FhLTExZTYtOGY4OC0zNDM2M2JjN2M0YzAiOnsiY3JlYXRlIjo5MDAwMDAwMDAwMDAsImRlbGV0ZSI6OTAwMDAwMDAwMDAwLCJ1cGRhdGUiOjkwMDAwMDAwMDAwMH19",
          "dependencies": [
            "oci_core_virtual_network.vpn_vcn"
          ]
        }
      ]
    },
    {
      "mode": "managed",
      "type": "oci_core_subnet",
      "name": "vpn_subnet",
      "provider": "provider.oci",
      "instances": [
        {
          "schema_version": 0,
          "attributes": {
            "availability_domain": null,
            "cidr_block": "10.3.1.0/24",
            "compartment_id": "ocid1.compartment.oc1..aaaaaaaaywbfhbbnfgyf47pq4uikio5qhqqpxxw4c34l2wpjfiiligm5jrna",
            "defined_tags": {
              "team_default_tags.DateTime": "2020-05-13T12:44:56.601Z",
              "team_default_tags.PrincipalName": "oracleidentitycloudservice/paulo.pierrondi@oracle.com",
              "team_default_tags.PrincipalType": "user"
            },
            "dhcp_options_id": "ocid1.dhcpoptions.oc1.eu-amsterdam-1.aaaaaaaaesvclk6bailomd2p3lt3l2d5j7vtdhd2zgnlplxapuk5ku6l6qoa",
            "display_name": "vpn-subnet",
            "dns_label": "vpnsubnet",
            "freeform_tags": {},
            "id": "ocid1.subnet.oc1.eu-amsterdam-1.aaaaaaaafg4l5ge6fgtqvsdzyn5mmq4duftufjxvm2dcnibssbrfmpg72dcq",
            "ipv6cidr_block": null,
            "ipv6public_cidr_block": null,
            "ipv6virtual_router_ip": null,
            "prohibit_public_ip_on_vnic": false,
            "route_table_id": "ocid1.routetable.oc1.eu-amsterdam-1.aaaaaaaacxarczs4n42omziebel7oi6fw4pwpcc5kicfbbbbylf4a4lowxya",
            "security_list_ids": [
              "ocid1.securitylist.oc1.eu-amsterdam-1.aaaaaaaa4encgffdjfk4afnfm4v5kancqbtmr5pw6qfkwrcxi6irowxvs5oq"
            ],
            "state": "AVAILABLE",
            "subnet_domain_name": "vpnsubnet.vpnvcn.oraclevcn.com",
            "time_created": "2020-05-13 12:44:56.626 +0000 UTC",
            "timeouts": null,
            "vcn_id": "ocid1.vcn.oc1.eu-amsterdam-1.amaaaaaarhx5zmaavv44h7u5n2krusjwhqhmujfelsqf7tlgfxbhjyqd4pbq",
            "virtual_router_ip": "10.3.1.1",
            "virtual_router_mac": "00:00:17:82:22:A7"
          },
          "private": "eyJlMmJmYjczMC1lY2FhLTExZTYtOGY4OC0zNDM2M2JjN2M0YzAiOnsiY3JlYXRlIjo5MDAwMDAwMDAwMDAsImRlbGV0ZSI6OTAwMDAwMDAwMDAwLCJ1cGRhdGUiOjkwMDAwMDAwMDAwMH19",
          "dependencies": [
            "oci_core_security_list.vpn_sl",
            "oci_core_virtual_network.vpn_vcn"
          ]
        }
      ]
    },
    {
      "mode": "managed",
      "type": "oci_core_subnet",
      "name": "vpn_subnet2",
      "provider": "provider.oci",
      "instances": [
        {
          "schema_version": 0,
          "attributes": {
            "availability_domain": null,
            "cidr_block": "10.3.2.0/24",
            "compartment_id": "ocid1.compartment.oc1..aaaaaaaaywbfhbbnfgyf47pq4uikio5qhqqpxxw4c34l2wpjfiiligm5jrna",
            "defined_tags": {
              "team_default_tags.DateTime": "2020-05-13T12:44:56.636Z",
              "team_default_tags.PrincipalName": "oracleidentitycloudservice/paulo.pierrondi@oracle.com",
              "team_default_tags.PrincipalType": "user"
            },
            "dhcp_options_id": "ocid1.dhcpoptions.oc1.eu-amsterdam-1.aaaaaaaaesvclk6bailomd2p3lt3l2d5j7vtdhd2zgnlplxapuk5ku6l6qoa",
            "display_name": "vpn-subnet2",
            "dns_label": "vpnsubnet2",
            "freeform_tags": {},
            "id": "ocid1.subnet.oc1.eu-amsterdam-1.aaaaaaaapztq5f7gz3vxck2zpsi7jgqbim7u26ychwujfariznamjvhnzkrq",
            "ipv6cidr_block": null,
            "ipv6public_cidr_block": null,
            "ipv6virtual_router_ip": null,
            "prohibit_public_ip_on_vnic": false,
            "route_table_id": "ocid1.routetable.oc1.eu-amsterdam-1.aaaaaaaacxarczs4n42omziebel7oi6fw4pwpcc5kicfbbbbylf4a4lowxya",
            "security_list_ids": [
              "ocid1.securitylist.oc1.eu-amsterdam-1.aaaaaaaa4encgffdjfk4afnfm4v5kancqbtmr5pw6qfkwrcxi6irowxvs5oq"
            ],
            "state": "AVAILABLE",
            "subnet_domain_name": "vpnsubnet2.vpnvcn.oraclevcn.com",
            "time_created": "2020-05-13 12:44:57.564 +0000 UTC",
            "timeouts": null,
            "vcn_id": "ocid1.vcn.oc1.eu-amsterdam-1.amaaaaaarhx5zmaavv44h7u5n2krusjwhqhmujfelsqf7tlgfxbhjyqd4pbq",
            "virtual_router_ip": "10.3.2.1",
            "virtual_router_mac": "00:00:17:82:22:A7"
          },
          "private": "eyJlMmJmYjczMC1lY2FhLTExZTYtOGY4OC0zNDM2M2JjN2M0YzAiOnsiY3JlYXRlIjo5MDAwMDAwMDAwMDAsImRlbGV0ZSI6OTAwMDAwMDAwMDAwLCJ1cGRhdGUiOjkwMDAwMDAwMDAwMH19",
          "dependencies": [
            "oci_core_security_list.vpn_sl",
            "oci_core_virtual_network.vpn_vcn"
          ]
        }
      ]
    },
    {
      "mode": "managed",
      "type": "oci_core_virtual_network",
      "name": "vpn_vcn",
      "provider": "provider.oci",
      "instances": [
        {
          "schema_version": 0,
          "attributes": {
            "cidr_block": "10.3.0.0/16",
            "compartment_id": "ocid1.compartment.oc1..aaaaaaaaywbfhbbnfgyf47pq4uikio5qhqqpxxw4c34l2wpjfiiligm5jrna",
            "default_dhcp_options_id": "ocid1.dhcpoptions.oc1.eu-amsterdam-1.aaaaaaaaesvclk6bailomd2p3lt3l2d5j7vtdhd2zgnlplxapuk5ku6l6qoa",
            "default_route_table_id": "ocid1.routetable.oc1.eu-amsterdam-1.aaaaaaaacxarczs4n42omziebel7oi6fw4pwpcc5kicfbbbbylf4a4lowxya",
            "default_security_list_id": "ocid1.securitylist.oc1.eu-amsterdam-1.aaaaaaaacebyearec5mqbvxlv4tybfr4n2g6smp4o2y2rnhyigyz6mtndlqq",
            "defined_tags": {
              "team_default_tags.DateTime": "2020-05-13T12:44:55.972Z",
              "team_default_tags.PrincipalName": "oracleidentitycloudservice/paulo.pierrondi@oracle.com",
              "team_default_tags.PrincipalType": "user"
            },
            "display_name": "vpn-vcn",
            "dns_label": "vpnvcn",
            "freeform_tags": {},
            "id": "ocid1.vcn.oc1.eu-amsterdam-1.amaaaaaarhx5zmaavv44h7u5n2krusjwhqhmujfelsqf7tlgfxbhjyqd4pbq",
            "ipv6cidr_block": null,
            "ipv6public_cidr_block": null,
            "is_ipv6enabled": null,
            "state": "AVAILABLE",
            "time_created": "2020-05-13 12:44:55.976 +0000 UTC",
            "timeouts": null,
            "vcn_domain_name": "vpnvcn.oraclevcn.com"
          },
          "private": "eyJlMmJmYjczMC1lY2FhLTExZTYtOGY4OC0zNDM2M2JjN2M0YzAiOnsiY3JlYXRlIjo5MDAwMDAwMDAwMDAsImRlbGV0ZSI6OTAwMDAwMDAwMDAwLCJ1cGRhdGUiOjkwMDAwMDAwMDAwMH19"
        }
      ]
    }
  ]
}
